
Microsoft Visual Studio Solution File, Format Version 12.00
# Visual Studio Version 17
VisualStudioVersion = 17.14.36301.6
MinimumVisualStudioVersion = 10.0.40219.1
Project("{FAE04EC0-301F-11D3-BF4B-00C04F79EFBC}") = "Inheritance and Method Overriding", "Inheritance and Method Overriding\Inheritance and Method Overriding.csproj", "{F3488F0D-AFF0-445C-A360-5C1A06AA96C5}"
EndProject
Project("{FAE04EC0-301F-11D3-BF4B-00C04F79EFBC}") = "Abstract Classes and Methods", "..\Abstract Classes and Methods\Abstract Classes and Methods.csproj", "{7B6FE8BE-C7C2-4F44-AD73-DDC8947C0076}"
EndProject
Project("{FAE04EC0-301F-11D3-BF4B-00C04F79EFBC}") = "Interfaces", "..\I\Interfaces\Interfaces.csproj", "{B121C6E8-A725-41EC-8B10-24CA97D52849}"
EndProject
Global
	GlobalSection(SolutionConfigurationPlatforms) = preSolution
		Debug|Any CPU = Debug|Any CPU
		Release|Any CPU = Release|Any CPU
	EndGlobalSection
	GlobalSection(ProjectConfigurationPlatforms) = postSolution
		{F3488F0D-AFF0-445C-A360-5C1A06AA96C5}.Debug|Any CPU.ActiveCfg = Debug|Any CPU
		{F3488F0D-AFF0-445C-A360-5C1A06AA96C5}.Debug|Any CPU.Build.0 = Debug|Any CPU
		{F3488F0D-AFF0-445C-A360-5C1A06AA96C5}.Release|Any CPU.ActiveCfg = Release|Any CPU
		{F3488F0D-AFF0-445C-A360-5C1A06AA96C5}.Release|Any CPU.Build.0 = Release|Any CPU
		{7B6FE8BE-C7C2-4F44-AD73-DDC8947C0076}.Debug|Any CPU.ActiveCfg = Debug|Any CPU
		{7B6FE8BE-C7C2-4F44-AD73-DDC8947C0076}.Debug|Any CPU.Build.0 = Debug|Any CPU
		{7B6FE8BE-C7C2-4F44-AD73-DDC8947C0076}.Release|Any CPU.ActiveCfg = Release|Any CPU
		{7B6FE8BE-C7C2-4F44-AD73-DDC8947C0076}.Release|Any CPU.Build.0 = Release|Any CPU
		{B121C6E8-A725-41EC-8B10-24CA97D52849}.Debug|Any CPU.ActiveCfg = Debug|Any CPU
		{B121C6E8-A725-41EC-8B10-24CA97D52849}.Debug|Any CPU.Build.0 = Debug|Any CPU
		{B121C6E8-A725-41EC-8B10-24CA97D52849}.Release|Any CPU.ActiveCfg = Release|Any CPU
		{B121C6E8-A725-41EC-8B10-24CA97D52849}.Release|Any CPU.Build.0 = Release|Any CPU
	EndGlobalSection
	GlobalSection(SolutionProperties) = preSolution
		HideSolutionNode = FALSE
	EndGlobalSection
	GlobalSection(ExtensibilityGlobals) = postSolution
		SolutionGuid = {7F93B552-6CAC-4521-B211-A0C096289F47}
	EndGlobalSection
EndGlobal
